
Microsoft Visual Studio Solution File, Format Version 12.00
# Visual Studio Version 16
VisualStudioVersion = 16.0.30011.22
MinimumVisualStudioVersion = 10.0.40219.1
Project("{FAE04EC0-301F-11D3-BF4B-00C04F79EFBC}") = "NacelApi", "NacelApi\NacelApi.csproj", "{05E5E0B7-D9D5-4556-861F-44E482C2A894}"
EndProject
Global
	GlobalSection(SolutionConfigurationPlatforms) = preSolution
		Debug|Any CPU = Debug|Any CPU
		Release|Any CPU = Release|Any CPU
	EndGlobalSection
	GlobalSection(ProjectConfigurationPlatforms) = postSolution
		{05E5E0B7-D9D5-4556-861F-44E482C2A894}.Debug|Any CPU.ActiveCfg = Debug|Any CPU
		{05E5E0B7-D9D5-4556-861F-44E482C2A894}.Debug|Any CPU.Build.0 = Debug|Any CPU
		{05E5E0B7-D9D5-4556-861F-44E482C2A894}.Release|Any CPU.ActiveCfg = Release|Any CPU
		{05E5E0B7-D9D5-4556-861F-44E482C2A894}.Release|Any CPU.Build.0 = Release|Any CPU
	EndGlobalSection
	GlobalSection(SolutionProperties) = preSolution
		HideSolutionNode = FALSE
	EndGlobalSection
	GlobalSection(ExtensibilityGlobals) = postSolution
		SolutionGuid = {27810BD4-7012-4F55-86E7-E465F2F3A354}
	EndGlobalSection
EndGlobal
